# THIS IS AN AUTOGENERATED FILE. DO NOT EDIT THIS FILE DIRECTLY.
# yarn lockfile v1


"@babel/helper-plugin-utils@^7.0.0":
  version "7.0.0"
  resolved "https://registry.yarnpkg.com/@babel/helper-plugin-utils/-/helper-plugin-utils-7.0.0.tgz#bbb3fbee98661c569034237cc03967ba99b4f250"
  integrity sha512-CYAOUCARwExnEixLdB6sDm2dIJ/YgEAKDM1MOeMeZu9Ld/bDgVo8aiWrXwcY7OBh+1Ea2uUcVRcxKk0GJvW7QA==

"@babel/plugin-proposal-object-rest-spread@^7.7.7":
  version "7.7.7"
  resolved "https://registry.yarnpkg.com/@babel/plugin-proposal-object-rest-spread/-/plugin-proposal-object-rest-spread-7.7.7.tgz#9f27075004ab99be08c5c1bd653a2985813cb370"
  integrity sha512-3qp9I8lelgzNedI3hrhkvhaEYree6+WHnyA/q4Dza9z7iEIs1eyhWyJnetk3jJ69RT0AT4G0UhEGwyGFJ7GUuQ==
  dependencies:
    "@babel/helper-plugin-utils" "^7.0.0"
    "@babel/plugin-syntax-object-rest-spread" "^7.7.4"

"@babel/plugin-syntax-object-rest-spread@^7.7.4":
  version "7.7.4"
  resolved "https://registry.yarnpkg.com/@babel/plugin-syntax-object-rest-spread/-/plugin-syntax-object-rest-spread-7.7.4.tgz#47cf220d19d6d0d7b154304701f468fc1cc6ff46"
  integrity sha512-mObR+r+KZq0XhRVS2BrBKBpr5jqrqzlPvS9C9vuOf5ilSwzloAl7RPWLrgKdWS6IreaVrjHxTjtyqFiOisaCwg==
  dependencies:
    "@babel/helper-plugin-utils" "^7.0.0"
